
Microsoft Visual Studio Solution File, Format Version 12.00
# Visual Studio Version 16
VisualStudioVersion = 16.0.30621.155
MinimumVisualStudioVersion = 10.0.40219.1
Project("{9A19103F-16F7-4668-BE54-9A1E7A4F7556}") = "Hackathon.SmartRecommender.Api", "Hackathon.SmartRecommender.Api\Hackathon.SmartRecommender.Api.csproj", "{55E10555-F77C-46AB-BA0A-C32595A134E1}"
EndProject
Project("{9A19103F-16F7-4668-BE54-9A1E7A4F7556}") = "Hackathon.SmartRecommender.Domain", "Hackathon.SmartRecommender.Domain\Hackathon.SmartRecommender.Domain.csproj", "{CCDA786D-428F-4DF2-AF67-531573066EF8}"
EndProject
Project("{FAE04EC0-301F-11D3-BF4B-00C04F79EFBC}") = "Hackathon.SmartRecommender.Providers", "Hackathon.SmartRecommender.Providers\Hackathon.SmartRecommender.Providers.csproj", "{D5D89E47-F92A-4DF3-947D-57675EA69D1F}"
EndProject
Global
	GlobalSection(SolutionConfigurationPlatforms) = preSolution
		Debug|Any CPU = Debug|Any CPU
		Release|Any CPU = Release|Any CPU
	EndGlobalSection
	GlobalSection(ProjectConfigurationPlatforms) = postSolution
		{55E10555-F77C-46AB-BA0A-C32595A134E1}.Debug|Any CPU.ActiveCfg = Debug|Any CPU
		{55E10555-F77C-46AB-BA0A-C32595A134E1}.Debug|Any CPU.Build.0 = Debug|Any CPU
		{55E10555-F77C-46AB-BA0A-C32595A134E1}.Release|Any CPU.ActiveCfg = Release|Any CPU
		{55E10555-F77C-46AB-BA0A-C32595A134E1}.Release|Any CPU.Build.0 = Release|Any CPU
		{CCDA786D-428F-4DF2-AF67-531573066EF8}.Debug|Any CPU.ActiveCfg = Debug|Any CPU
		{CCDA786D-428F-4DF2-AF67-531573066EF8}.Debug|Any CPU.Build.0 = Debug|Any CPU
		{CCDA786D-428F-4DF2-AF67-531573066EF8}.Release|Any CPU.ActiveCfg = Release|Any CPU
		{CCDA786D-428F-4DF2-AF67-531573066EF8}.Release|Any CPU.Build.0 = Release|Any CPU
		{D5D89E47-F92A-4DF3-947D-57675EA69D1F}.Debug|Any CPU.ActiveCfg = Debug|Any CPU
		{D5D89E47-F92A-4DF3-947D-57675EA69D1F}.Debug|Any CPU.Build.0 = Debug|Any CPU
		{D5D89E47-F92A-4DF3-947D-57675EA69D1F}.Release|Any CPU.ActiveCfg = Release|Any CPU
		{D5D89E47-F92A-4DF3-947D-57675EA69D1F}.Release|Any CPU.Build.0 = Release|Any CPU
	EndGlobalSection
	GlobalSection(SolutionProperties) = preSolution
		HideSolutionNode = FALSE
	EndGlobalSection
	GlobalSection(ExtensibilityGlobals) = postSolution
		SolutionGuid = {32396412-1580-4CC6-8256-994C00C088A7}
	EndGlobalSection
EndGlobal
